// !$*UTF8*$!
{
	archiveVersion = 1;
	classes = {
	};
	objectVersion = 56;
	objects = {

/* Begin PBXBuildFile section */
		290671072BD933CA005AA839 /* SignIn.swift in Sources */ = {isa = PBXBuildFile; fileRef = 290671062BD933CA005AA839 /* SignIn.swift */; };
		290671092BD9341A005AA839 /* CardsPage.swift in Sources */ = {isa = PBXBuildFile; fileRef = 290671082BD9341A005AA839 /* CardsPage.swift */; };
		2906710B2BD93448005AA839 /* Entertainment.swift in Sources */ = {isa = PBXBuildFile; fileRef = 2906710A2BD93448005AA839 /* Entertainment.swift */; };
		2906710D2BD9348E005AA839 /* SplashScreen.swift in Sources */ = {isa = PBXBuildFile; fileRef = 2906710C2BD9348E005AA839 /* SplashScreen.swift */; };
		290671102BD935B3005AA839 /* FirebaseAnalytics in Frameworks */ = {isa = PBXBuildFile; productRef = 2906710F2BD935B3005AA839 /* FirebaseAnalytics */; };
		290671122BD935B3005AA839 /* FirebaseAnalyticsOnDeviceConversion in Frameworks */ = {isa = PBXBuildFile; productRef = 290671112BD935B3005AA839 /* FirebaseAnalyticsOnDeviceConversion */; };
		290671142BD935B3005AA839 /* FirebaseAnalyticsSwift in Frameworks */ = {isa = PBXBuildFile; productRef = 290671132BD935B3005AA839 /* FirebaseAnalyticsSwift */; };
		290671162BD935B3005AA839 /* FirebaseAnalyticsWithoutAdIdSupport in Frameworks */ = {isa = PBXBuildFile; productRef = 290671152BD935B3005AA839 /* FirebaseAnalyticsWithoutAdIdSupport */; };
		290671182BD935B3005AA839 /* FirebaseAppCheck in Frameworks */ = {isa = PBXBuildFile; productRef = 290671172BD935B3005AA839 /* FirebaseAppCheck */; };
		2906711D2BD9398D005AA839 /* FirebaseAuth in Frameworks */ = {isa = PBXBuildFile; productRef = 2906711C2BD9398D005AA839 /* FirebaseAuth */; };
		2930726F2BF40602000B1E3B /* Jsound.mp3 in Resources */ = {isa = PBXBuildFile; fileRef = 2930726E2BF40602000B1E3B /* Jsound.mp3 */; };
		2996E84C2BEFE3B300BB4C12 /* Account.swift in Sources */ = {isa = PBXBuildFile; fileRef = 2996E84B2BEFE3B300BB4C12 /* Account.swift */; };
		F34C6ECD2BF4F4FB00CFC6F9 /* Jamaah.swift in Sources */ = {isa = PBXBuildFile; fileRef = F34C6ECC2BF4F4FB00CFC6F9 /* Jamaah.swift */; };
		F34C6ECF2BF4F53E00CFC6F9 /* ViewModel.swift in Sources */ = {isa = PBXBuildFile; fileRef = F34C6ECE2BF4F53E00CFC6F9 /* ViewModel.swift */; };
		F38B8FDE2BE791D20082A14C /* UserInfo.swift in Sources */ = {isa = PBXBuildFile; fileRef = F38B8FDD2BE791D20082A14C /* UserInfo.swift */; };
		F38B8FE02BE8FBFD0082A14C /* GoogleService-Info.plist in Resources */ = {isa = PBXBuildFile; fileRef = F38B8FDF2BE8FBFD0082A14C /* GoogleService-Info.plist */; };
		F38B8FE42BE90C4F0082A14C /* FirebaseFirestoreSwift in Frameworks */ = {isa = PBXBuildFile; productRef = F38B8FE32BE90C4F0082A14C /* FirebaseFirestoreSwift */; };
		F38B8FE62BE90C540082A14C /* FirebaseFirestore in Frameworks */ = {isa = PBXBuildFile; productRef = F38B8FE52BE90C540082A14C /* FirebaseFirestore */; };
		F38B8FE82BEBA43E0082A14C /* calenderView.swift in Sources */ = {isa = PBXBuildFile; fileRef = F38B8FE72BEBA43E0082A14C /* calenderView.swift */; };
		F38B8FEC2BEBAF1D0082A14C /* Groups.swift in Sources */ = {isa = PBXBuildFile; fileRef = F38B8FEA2BEBAF1D0082A14C /* Groups.swift */; };
		F38B8FED2BEBAF1D0082A14C /* peopleInfo.swift in Sources */ = {isa = PBXBuildFile; fileRef = F38B8FEB2BEBAF1D0082A14C /* peopleInfo.swift */; };
		F38B8FF22BEBAFF30082A14C /* CreateView.swift in Sources */ = {isa = PBXBuildFile; fileRef = F38B8FEF2BEBAFF20082A14C /* CreateView.swift */; };
		F38B8FF32BEBAFF30082A14C /* peopleView.swift in Sources */ = {isa = PBXBuildFile; fileRef = F38B8FF02BEBAFF30082A14C /* peopleView.swift */; };
		F38B8FF52BECC7230082A14C /* FirestoreManager.swift in Sources */ = {isa = PBXBuildFile; fileRef = F38B8FF42BECC7230082A14C /* FirestoreManager.swift */; };
		F38B8FF72BF0E4900082A14C /* FirebaseAnalytics in Frameworks */ = {isa = PBXBuildFile; productRef = F38B8FF62BF0E4900082A14C /* FirebaseAnalytics */; };
		F38B8FF92BF0E4900082A14C /* FirebaseAnalyticsOnDeviceConversion in Frameworks */ = {isa = PBXBuildFile; productRef = F38B8FF82BF0E4900082A14C /* FirebaseAnalyticsOnDeviceConversion */; };
		F38B8FFB2BF0E4900082A14C /* FirebaseAnalyticsSwift in Frameworks */ = {isa = PBXBuildFile; productRef = F38B8FFA2BF0E4900082A14C /* FirebaseAnalyticsSwift */; };
		F38B8FFD2BF0E4900082A14C /* FirebaseAnalyticsWithoutAdIdSupport in Frameworks */ = {isa = PBXBuildFile; productRef = F38B8FFC2BF0E4900082A14C /* FirebaseAnalyticsWithoutAdIdSupport */; };
		F38B8FFF2BF0E4900082A14C /* FirebaseAppCheck in Frameworks */ = {isa = PBXBuildFile; productRef = F38B8FFE2BF0E4900082A14C /* FirebaseAppCheck */; };
		F38B90032BF0E4C50082A14C /* theBar.swift in Sources */ = {isa = PBXBuildFile; fileRef = F38B90002BF0E4C50082A14C /* theBar.swift */; };
		F38B90042BF0E4C50082A14C /* tabItems.swift in Sources */ = {isa = PBXBuildFile; fileRef = F38B90012BF0E4C50082A14C /* tabItems.swift */; };
		F38B90052BF0E4C50082A14C /* theTabBar.swift in Sources */ = {isa = PBXBuildFile; fileRef = F38B90022BF0E4C50082A14C /* theTabBar.swift */; };
		F38B90072BF0E7410082A14C /* BusyMembers.swift in Sources */ = {isa = PBXBuildFile; fileRef = F38B90062BF0E7410082A14C /* BusyMembers.swift */; };
		F38B90092BF0EF850082A14C /* GroupsView.swift in Sources */ = {isa = PBXBuildFile; fileRef = F38B90082BF0EF850082A14C /* GroupsView.swift */; };
		F3DAC4452BD143CB00E9EABF /* MicroApp.swift in Sources */ = {isa = PBXBuildFile; fileRef = F3DAC4442BD143CB00E9EABF /* MicroApp.swift */; };
		F3DAC4492BD143CD00E9EABF /* Assets.xcassets in Resources */ = {isa = PBXBuildFile; fileRef = F3DAC4482BD143CD00E9EABF /* Assets.xcassets */; };
		F3DAC44C2BD143CD00E9EABF /* Preview Assets.xcassets in Resources */ = {isa = PBXBuildFile; fileRef = F3DAC44B2BD143CD00E9EABF /* Preview Assets.xcassets */; };
		F3F78B362BDE258500135E1F /* PickGatheringDay_Sheet.swift in Sources */ = {isa = PBXBuildFile; fileRef = F3F78B352BDE258500135E1F /* PickGatheringDay_Sheet.swift */; };
/* End PBXBuildFile section */

/* Begin PBXFileReference section */
		290671062BD933CA005AA839 /* SignIn.swift */ = {isa = PBXFileReference; lastKnownFileType = sourcecode.swift; path = SignIn.swift; sourceTree = "<group>"; };
		290671082BD9341A005AA839 /* CardsPage.swift */ = {isa = PBXFileReference; lastKnownFileType = sourcecode.swift; path = CardsPage.swift; sourceTree = "<group>"; };
		2906710A2BD93448005AA839 /* Entertainment.swift */ = {isa = PBXFileReference; lastKnownFileType = sourcecode.swift; path = Entertainment.swift; sourceTree = "<group>"; };
		2906710C2BD9348E005AA839 /* SplashScreen.swift */ = {isa = PBXFileReference; lastKnownFileType = sourcecode.swift; path = SplashScreen.swift; sourceTree = "<group>"; };
		2930726E2BF40602000B1E3B /* Jsound.mp3 */ = {isa = PBXFileReference; lastKnownFileType = audio.mp3; path = Jsound.mp3; sourceTree = "<group>"; };
		2996E84B2BEFE3B300BB4C12 /* Account.swift */ = {isa = PBXFileReference; lastKnownFileType = sourcecode.swift; path = Account.swift; sourceTree = "<group>"; };
		F34C6ECC2BF4F4FB00CFC6F9 /* Jamaah.swift */ = {isa = PBXFileReference; lastKnownFileType = sourcecode.swift; path = Jamaah.swift; sourceTree = "<group>"; };
		F34C6ECE2BF4F53E00CFC6F9 /* ViewModel.swift */ = {isa = PBXFileReference; lastKnownFileType = sourcecode.swift; path = ViewModel.swift; sourceTree = "<group>"; };
		F360D7982BF10CB70069E665 /* Micro.app */ = {isa = PBXFileReference; explicitFileType = wrapper.application; includeInIndex = 0; path = Micro.app; sourceTree = BUILT_PRODUCTS_DIR; };
		F38B8FDD2BE791D20082A14C /* UserInfo.swift */ = {isa = PBXFileReference; lastKnownFileType = sourcecode.swift; path = UserInfo.swift; sourceTree = "<group>"; };
		F38B8FDF2BE8FBFD0082A14C /* GoogleService-Info.plist */ = {isa = PBXFileReference; fileEncoding = 4; lastKnownFileType = text.plist.xml; name = "GoogleService-Info.plist"; path = "../../../Downloads/GoogleService-Info.plist"; sourceTree = "<group>"; };
		F38B8FE72BEBA43E0082A14C /* calenderView.swift */ = {isa = PBXFileReference; lastKnownFileType = sourcecode.swift; path = calenderView.swift; sourceTree = "<group>"; };
		F38B8FEA2BEBAF1D0082A14C /* Groups.swift */ = {isa = PBXFileReference; fileEncoding = 4; lastKnownFileType = sourcecode.swift; path = Groups.swift; sourceTree = "<group>"; };
		F38B8FEB2BEBAF1D0082A14C /* peopleInfo.swift */ = {isa = PBXFileReference; fileEncoding = 4; lastKnownFileType = sourcecode.swift; path = peopleInfo.swift; sourceTree = "<group>"; };
		F38B8FEF2BEBAFF20082A14C /* CreateView.swift */ = {isa = PBXFileReference; fileEncoding = 4; lastKnownFileType = sourcecode.swift; path = CreateView.swift; sourceTree = "<group>"; };
		F38B8FF02BEBAFF30082A14C /* peopleView.swift */ = {isa = PBXFileReference; fileEncoding = 4; lastKnownFileType = sourcecode.swift; path = peopleView.swift; sourceTree = "<group>"; };
		F38B8FF42BECC7230082A14C /* FirestoreManager.swift */ = {isa = PBXFileReference; lastKnownFileType = sourcecode.swift; path = FirestoreManager.swift; sourceTree = "<group>"; };
		F38B90002BF0E4C50082A14C /* theBar.swift */ = {isa = PBXFileReference; fileEncoding = 4; lastKnownFileType = sourcecode.swift; path = theBar.swift; sourceTree = "<group>"; };
		F38B90012BF0E4C50082A14C /* tabItems.swift */ = {isa = PBXFileReference; fileEncoding = 4; lastKnownFileType = sourcecode.swift; path = tabItems.swift; sourceTree = "<group>"; };
		F38B90022BF0E4C50082A14C /* theTabBar.swift */ = {isa = PBXFileReference; fileEncoding = 4; lastKnownFileType = sourcecode.swift; path = theTabBar.swift; sourceTree = "<group>"; };
		F38B90062BF0E7410082A14C /* BusyMembers.swift */ = {isa = PBXFileReference; lastKnownFileType = sourcecode.swift; path = BusyMembers.swift; sourceTree = "<group>"; };
		F38B90082BF0EF850082A14C /* GroupsView.swift */ = {isa = PBXFileReference; lastKnownFileType = sourcecode.swift; path = GroupsView.swift; sourceTree = "<group>"; };
		F3DAC4442BD143CB00E9EABF /* MicroApp.swift */ = {isa = PBXFileReference; lastKnownFileType = sourcecode.swift; path = MicroApp.swift; sourceTree = "<group>"; };
		F3DAC4482BD143CD00E9EABF /* Assets.xcassets */ = {isa = PBXFileReference; lastKnownFileType = folder.assetcatalog; path = Assets.xcassets; sourceTree = "<group>"; };
		F3DAC44B2BD143CD00E9EABF /* Preview Assets.xcassets */ = {isa = PBXFileReference; lastKnownFileType = folder.assetcatalog; path = "Preview Assets.xcassets"; sourceTree = "<group>"; };
		F3F78B352BDE258500135E1F /* PickGatheringDay_Sheet.swift */ = {isa = PBXFileReference; lastKnownFileType = sourcecode.swift; path = PickGatheringDay_Sheet.swift; sourceTree = "<group>"; };
		F3F78B3B2BE2CFF700135E1F /* Micro.entitlements */ = {isa = PBXFileReference; lastKnownFileType = text.plist.entitlements; path = Micro.entitlements; sourceTree = "<group>"; };
/* End PBXFileReference section */

/* Begin PBXFrameworksBuildPhase section */
		F3DAC43E2BD143CB00E9EABF /* Frameworks */ = {
			isa = PBXFrameworksBuildPhase;
			buildActionMask = 2147483647;
			files = (
				290671142BD935B3005AA839 /* FirebaseAnalyticsSwift in Frameworks */,
				F38B8FFF2BF0E4900082A14C /* FirebaseAppCheck in Frameworks */,
				2906711D2BD9398D005AA839 /* FirebaseAuth in Frameworks */,
				290671102BD935B3005AA839 /* FirebaseAnalytics in Frameworks */,
				F38B8FFB2BF0E4900082A14C /* FirebaseAnalyticsSwift in Frameworks */,
				F38B8FE42BE90C4F0082A14C /* FirebaseFirestoreSwift in Frameworks */,
				290671122BD935B3005AA839 /* FirebaseAnalyticsOnDeviceConversion in Frameworks */,
				F38B8FE62BE90C540082A14C /* FirebaseFirestore in Frameworks */,
				F38B8FFD2BF0E4900082A14C /* FirebaseAnalyticsWithoutAdIdSupport in Frameworks */,
				290671182BD935B3005AA839 /* FirebaseAppCheck in Frameworks */,
				F38B8FF92BF0E4900082A14C /* FirebaseAnalyticsOnDeviceConversion in Frameworks */,
				290671162BD935B3005AA839 /* FirebaseAnalyticsWithoutAdIdSupport in Frameworks */,
				F38B8FF72BF0E4900082A14C /* FirebaseAnalytics in Frameworks */,
			);
			runOnlyForDeploymentPostprocessing = 0;
		};
/* End PBXFrameworksBuildPhase section */

/* Begin PBXGroup section */
		2906711B2BD9398D005AA839 /* Frameworks */ = {
			isa = PBXGroup;
			children = (
			);
			name = Frameworks;
			sourceTree = "<group>";
		};
		2930726A2BF40344000B1E3B /* Sounds */ = {
			isa = PBXGroup;
			children = (
				2930726E2BF40602000B1E3B /* Jsound.mp3 */,
			);
			path = Sounds;
			sourceTree = "<group>";
		};
		F3DAC4382BD143CB00E9EABF = {
			isa = PBXGroup;
			children = (
				F3DAC4432BD143CB00E9EABF /* Micro */,
				2906711B2BD9398D005AA839 /* Frameworks */,
				F360D7982BF10CB70069E665 /* Micro.app */,
			);
			sourceTree = "<group>";
		};
		F3DAC4432BD143CB00E9EABF /* Micro */ = {
			isa = PBXGroup;
			children = (
				F3F78B3B2BE2CFF700135E1F /* Micro.entitlements */,
				F38B8FDF2BE8FBFD0082A14C /* GoogleService-Info.plist */,
				F3F78B382BE11E9D00135E1F /* view */,
				F3F78B372BE11E8F00135E1F /* Model */,
				F3F78B392BE11EAE00135E1F /* ViewModel */,
				F3DAC4442BD143CB00E9EABF /* MicroApp.swift */,
				F3DAC4482BD143CD00E9EABF /* Assets.xcassets */,
				F3DAC44A2BD143CD00E9EABF /* Preview Content */,
			);
			path = Micro;
			sourceTree = "<group>";
		};
		F3DAC44A2BD143CD00E9EABF /* Preview Content */ = {
			isa = PBXGroup;
			children = (
				F3DAC44B2BD143CD00E9EABF /* Preview Assets.xcassets */,
			);
			path = "Preview Content";
			sourceTree = "<group>";
		};
		F3F78B372BE11E8F00135E1F /* Model */ = {
			isa = PBXGroup;
			children = (
				F38B8FEA2BEBAF1D0082A14C /* Groups.swift */,
				F34C6ECC2BF4F4FB00CFC6F9 /* Jamaah.swift */,
				F38B8FEB2BEBAF1D0082A14C /* peopleInfo.swift */,
			);
			path = Model;
			sourceTree = "<group>";
		};
		F3F78B382BE11E9D00135E1F /* view */ = {
			isa = PBXGroup;
			children = (
				2906710C2BD9348E005AA839 /* SplashScreen.swift */,
				2930726A2BF40344000B1E3B /* Sounds */,
				2906710A2BD93448005AA839 /* Entertainment.swift */,
				290671082BD9341A005AA839 /* CardsPage.swift */,
				F38B90062BF0E7410082A14C /* BusyMembers.swift */,
				290671062BD933CA005AA839 /* SignIn.swift */,
				F3F78B352BDE258500135E1F /* PickGatheringDay_Sheet.swift */,
				F38B8FDD2BE791D20082A14C /* UserInfo.swift */,
				F38B90012BF0E4C50082A14C /* tabItems.swift */,
				F38B90002BF0E4C50082A14C /* theBar.swift */,
				F38B90022BF0E4C50082A14C /* theTabBar.swift */,
				F38B8FEF2BEBAFF20082A14C /* CreateView.swift */,
				F38B8FF02BEBAFF30082A14C /* peopleView.swift */,
				F38B90082BF0EF850082A14C /* GroupsView.swift */,
				2996E84B2BEFE3B300BB4C12 /* Account.swift */,
				F38B8FE72BEBA43E0082A14C /* calenderView.swift */,
			);
			path = view;
			sourceTree = "<group>";
		};
		F3F78B392BE11EAE00135E1F /* ViewModel */ = {
			isa = PBXGroup;
			children = (
				F38B8FF42BECC7230082A14C /* FirestoreManager.swift */,
				F34C6ECE2BF4F53E00CFC6F9 /* ViewModel.swift */,
			);
			path = ViewModel;
			sourceTree = "<group>";
		};
/* End PBXGroup section */

/* Begin PBXNativeTarget section */
		F3DAC4402BD143CB00E9EABF /* Micro */ = {
			isa = PBXNativeTarget;
			buildConfigurationList = F3DAC44F2BD143CD00E9EABF /* Build configuration list for PBXNativeTarget "Micro" */;
			buildPhases = (
				F3DAC43D2BD143CB00E9EABF /* Sources */,
				F3DAC43E2BD143CB00E9EABF /* Frameworks */,
				F3DAC43F2BD143CB00E9EABF /* Resources */,
			);
			buildRules = (
			);
			dependencies = (
			);
			name = Micro;
			packageProductDependencies = (
				2906710F2BD935B3005AA839 /* FirebaseAnalytics */,
				290671112BD935B3005AA839 /* FirebaseAnalyticsOnDeviceConversion */,
				290671132BD935B3005AA839 /* FirebaseAnalyticsSwift */,
				290671152BD935B3005AA839 /* FirebaseAnalyticsWithoutAdIdSupport */,
				290671172BD935B3005AA839 /* FirebaseAppCheck */,
				2906711C2BD9398D005AA839 /* FirebaseAuth */,
				F38B8FE32BE90C4F0082A14C /* FirebaseFirestoreSwift */,
				F38B8FE52BE90C540082A14C /* FirebaseFirestore */,
				F38B8FF62BF0E4900082A14C /* FirebaseAnalytics */,
				F38B8FF82BF0E4900082A14C /* FirebaseAnalyticsOnDeviceConversion */,
				F38B8FFA2BF0E4900082A14C /* FirebaseAnalyticsSwift */,
				F38B8FFC2BF0E4900082A14C /* FirebaseAnalyticsWithoutAdIdSupport */,
				F38B8FFE2BF0E4900082A14C /* FirebaseAppCheck */,
			);
			productName = Micro;
			productReference = F360D7982BF10CB70069E665 /* Micro.app */;
			productType = "com.apple.product-type.application";
		};
/* End PBXNativeTarget section */

/* Begin PBXProject section */
		F3DAC4392BD143CB00E9EABF /* Project object */ = {
			isa = PBXProject;
			attributes = {
				BuildIndependentTargetsInParallel = 1;
				LastSwiftUpdateCheck = 1520;
				LastUpgradeCheck = 1520;
				TargetAttributes = {
					F3DAC4402BD143CB00E9EABF = {
						CreatedOnToolsVersion = 15.2;
					};
				};
			};
			buildConfigurationList = F3DAC43C2BD143CB00E9EABF /* Build configuration list for PBXProject "Micro" */;
			compatibilityVersion = "Xcode 14.0";
			developmentRegion = en;
			hasScannedForEncodings = 0;
			knownRegions = (
				en,
				Base,
			);
			mainGroup = F3DAC4382BD143CB00E9EABF;
			packageReferences = (
				2906710E2BD935B3005AA839 /* XCRemoteSwiftPackageReference "firebase-ios-sdk" */,
			);
			productRefGroup = F3DAC4382BD143CB00E9EABF;
			projectDirPath = "";
			projectRoot = "";
			targets = (
				F3DAC4402BD143CB00E9EABF /* Micro */,
			);
		};
/* End PBXProject section */

/* Begin PBXResourcesBuildPhase section */
		F3DAC43F2BD143CB00E9EABF /* Resources */ = {
			isa = PBXResourcesBuildPhase;
			buildActionMask = 2147483647;
			files = (
				F3DAC44C2BD143CD00E9EABF /* Preview Assets.xcassets in Resources */,
				F3DAC4492BD143CD00E9EABF /* Assets.xcassets in Resources */,
				F38B8FE02BE8FBFD0082A14C /* GoogleService-Info.plist in Resources */,
				2930726F2BF40602000B1E3B /* Jsound.mp3 in Resources */,
			);
			runOnlyForDeploymentPostprocessing = 0;
		};
/* End PBXResourcesBuildPhase section */

/* Begin PBXSourcesBuildPhase section */
		F3DAC43D2BD143CB00E9EABF /* Sources */ = {
			isa = PBXSourcesBuildPhase;
			buildActionMask = 2147483647;
			files = (
				F38B90072BF0E7410082A14C /* BusyMembers.swift in Sources */,
				F38B8FF52BECC7230082A14C /* FirestoreManager.swift in Sources */,
				2906710D2BD9348E005AA839 /* SplashScreen.swift in Sources */,
				2906710B2BD93448005AA839 /* Entertainment.swift in Sources */,
				F38B8FEC2BEBAF1D0082A14C /* Groups.swift in Sources */,
				F34C6ECD2BF4F4FB00CFC6F9 /* Jamaah.swift in Sources */,
				2996E84C2BEFE3B300BB4C12 /* Account.swift in Sources */,
				F3DAC4452BD143CB00E9EABF /* MicroApp.swift in Sources */,
				F38B90052BF0E4C50082A14C /* theTabBar.swift in Sources */,
				290671092BD9341A005AA839 /* CardsPage.swift in Sources */,
				290671072BD933CA005AA839 /* SignIn.swift in Sources */,
				F38B8FF22BEBAFF30082A14C /* CreateView.swift in Sources */,
				F38B8FDE2BE791D20082A14C /* UserInfo.swift in Sources */,
				F34C6ECF2BF4F53E00CFC6F9 /* ViewModel.swift in Sources */,
				F3F78B362BDE258500135E1F /* PickGatheringDay_Sheet.swift in Sources */,
				F38B90092BF0EF850082A14C /* GroupsView.swift in Sources */,
				F38B90042BF0E4C50082A14C /* tabItems.swift in Sources */,
				F38B8FE82BEBA43E0082A14C /* calenderView.swift in Sources */,
				F38B90032BF0E4C50082A14C /* theBar.swift in Sources */,
				F38B8FED2BEBAF1D0082A14C /* peopleInfo.swift in Sources */,
				F38B8FF32BEBAFF30082A14C /* peopleView.swift in Sources */,
			);
			runOnlyForDeploymentPostprocessing = 0;
		};
/* End PBXSourcesBuildPhase section */

/* Begin XCBuildConfiguration section */
		F3DAC44D2BD143CD00E9EABF /* Debug */ = {
			isa = XCBuildConfiguration;
			buildSettings = {
				ALWAYS_SEARCH_USER_PATHS = NO;
				ASSETCATALOG_COMPILER_GENERATE_SWIFT_ASSET_SYMBOL_EXTENSIONS = YES;
				CLANG_ANALYZER_NONNULL = YES;
				CLANG_ANALYZER_NUMBER_OBJECT_CONVERSION = YES_AGGRESSIVE;
				CLANG_CXX_LANGUAGE_STANDARD = "gnu++20";
				CLANG_ENABLE_MODULES = YES;
				CLANG_ENABLE_OBJC_ARC = YES;
				CLANG_ENABLE_OBJC_WEAK = YES;
				CLANG_WARN_BLOCK_CAPTURE_AUTORELEASING = YES;
				CLANG_WARN_BOOL_CONVERSION = YES;
				CLANG_WARN_COMMA = YES;
				CLANG_WARN_CONSTANT_CONVERSION = YES;
				CLANG_WARN_DEPRECATED_OBJC_IMPLEMENTATIONS = YES;
				CLANG_WARN_DIRECT_OBJC_ISA_USAGE = YES_ERROR;
				CLANG_WARN_DOCUMENTATION_COMMENTS = YES;
				CLANG_WARN_EMPTY_BODY = YES;
				CLANG_WARN_ENUM_CONVERSION = YES;
				CLANG_WARN_INFINITE_RECURSION = YES;
				CLANG_WARN_INT_CONVERSION = YES;
				CLANG_WARN_NON_LITERAL_NULL_CONVERSION = YES;
				CLANG_WARN_OBJC_IMPLICIT_RETAIN_SELF = YES;
				CLANG_WARN_OBJC_LITERAL_CONVERSION = YES;
				CLANG_WARN_OBJC_ROOT_CLASS = YES_ERROR;
				CLANG_WARN_QUOTED_INCLUDE_IN_FRAMEWORK_HEADER = YES;
				CLANG_WARN_RANGE_LOOP_ANALYSIS = YES;
				CLANG_WARN_STRICT_PROTOTYPES = YES;
				CLANG_WARN_SUSPICIOUS_MOVE = YES;
				CLANG_WARN_UNGUARDED_AVAILABILITY = YES_AGGRESSIVE;
				CLANG_WARN_UNREACHABLE_CODE = YES;
				CLANG_WARN__DUPLICATE_METHOD_MATCH = YES;
				COPY_PHASE_STRIP = NO;
				DEBUG_INFORMATION_FORMAT = dwarf;
				ENABLE_STRICT_OBJC_MSGSEND = YES;
				ENABLE_TESTABILITY = YES;
				ENABLE_USER_SCRIPT_SANDBOXING = YES;
				GCC_C_LANGUAGE_STANDARD = gnu17;
				GCC_DYNAMIC_NO_PIC = NO;
				GCC_NO_COMMON_BLOCKS = YES;
				GCC_OPTIMIZATION_LEVEL = 0;
				GCC_PREPROCESSOR_DEFINITIONS = (
					"DEBUG=1",
					"$(inherited)",
				);
				GCC_WARN_64_TO_32_BIT_CONVERSION = YES;
				GCC_WARN_ABOUT_RETURN_TYPE = YES_ERROR;
				GCC_WARN_UNDECLARED_SELECTOR = YES;
				GCC_WARN_UNINITIALIZED_AUTOS = YES_AGGRESSIVE;
				GCC_WARN_UNUSED_FUNCTION = YES;
				GCC_WARN_UNUSED_VARIABLE = YES;
				IPHONEOS_DEPLOYMENT_TARGET = 17.2;
				LOCALIZATION_PREFERS_STRING_CATALOGS = YES;
				MTL_ENABLE_DEBUG_INFO = INCLUDE_SOURCE;
				MTL_FAST_MATH = YES;
				ONLY_ACTIVE_ARCH = YES;
				SDKROOT = iphoneos;
				SWIFT_ACTIVE_COMPILATION_CONDITIONS = "DEBUG $(inherited)";
				SWIFT_OPTIMIZATION_LEVEL = "-Onone";
			};
			name = Debug;
		};
		F3DAC44E2BD143CD00E9EABF /* Release */ = {
			isa = XCBuildConfiguration;
			buildSettings = {
				ALWAYS_SEARCH_USER_PATHS = NO;
				ASSETCATALOG_COMPILER_GENERATE_SWIFT_ASSET_SYMBOL_EXTENSIONS = YES;
				CLANG_ANALYZER_NONNULL = YES;
				CLANG_ANALYZER_NUMBER_OBJECT_CONVERSION = YES_AGGRESSIVE;
				CLANG_CXX_LANGUAGE_STANDARD = "gnu++20";
				CLANG_ENABLE_MODULES = YES;
				CLANG_ENABLE_OBJC_ARC = YES;
				CLANG_ENABLE_OBJC_WEAK = YES;
				CLANG_WARN_BLOCK_CAPTURE_AUTORELEASING = YES;
				CLANG_WARN_BOOL_CONVERSION = YES;
				CLANG_WARN_COMMA = YES;
				CLANG_WARN_CONSTANT_CONVERSION = YES;
				CLANG_WARN_DEPRECATED_OBJC_IMPLEMENTATIONS = YES;
				CLANG_WARN_DIRECT_OBJC_ISA_USAGE = YES_ERROR;
				CLANG_WARN_DOCUMENTATION_COMMENTS = YES;
				CLANG_WARN_EMPTY_BODY = YES;
				CLANG_WARN_ENUM_CONVERSION = YES;
				CLANG_WARN_INFINITE_RECURSION = YES;
				CLANG_WARN_INT_CONVERSION = YES;
				CLANG_WARN_NON_LITERAL_NULL_CONVERSION = YES;
				CLANG_WARN_OBJC_IMPLICIT_RETAIN_SELF = YES;
				CLANG_WARN_OBJC_LITERAL_CONVERSION = YES;
				CLANG_WARN_OBJC_ROOT_CLASS = YES_ERROR;
				CLANG_WARN_QUOTED_INCLUDE_IN_FRAMEWORK_HEADER = YES;
				CLANG_WARN_RANGE_LOOP_ANALYSIS = YES;
				CLANG_WARN_STRICT_PROTOTYPES = YES;
				CLANG_WARN_SUSPICIOUS_MOVE = YES;
				CLANG_WARN_UNGUARDED_AVAILABILITY = YES_AGGRESSIVE;
				CLANG_WARN_UNREACHABLE_CODE = YES;
				CLANG_WARN__DUPLICATE_METHOD_MATCH = YES;
				COPY_PHASE_STRIP = NO;
				DEBUG_INFORMATION_FORMAT = "dwarf-with-dsym";
				ENABLE_NS_ASSERTIONS = NO;
				ENABLE_STRICT_OBJC_MSGSEND = YES;
				ENABLE_USER_SCRIPT_SANDBOXING = YES;
				GCC_C_LANGUAGE_STANDARD = gnu17;
				GCC_NO_COMMON_BLOCKS = YES;
				GCC_WARN_64_TO_32_BIT_CONVERSION = YES;
				GCC_WARN_ABOUT_RETURN_TYPE = YES_ERROR;
				GCC_WARN_UNDECLARED_SELECTOR = YES;
				GCC_WARN_UNINITIALIZED_AUTOS = YES_AGGRESSIVE;
				GCC_WARN_UNUSED_FUNCTION = YES;
				GCC_WARN_UNUSED_VARIABLE = YES;
				IPHONEOS_DEPLOYMENT_TARGET = 17.2;
				LOCALIZATION_PREFERS_STRING_CATALOGS = YES;
				MTL_ENABLE_DEBUG_INFO = NO;
				MTL_FAST_MATH = YES;
				SDKROOT = iphoneos;
				SWIFT_COMPILATION_MODE = wholemodule;
				VALIDATE_PRODUCT = YES;
			};
			name = Release;
		};
		F3DAC4502BD143CD00E9EABF /* Debug */ = {
			isa = XCBuildConfiguration;
			buildSettings = {
				ASSETCATALOG_COMPILER_APPICON_NAME = AppIcon;
				ASSETCATALOG_COMPILER_GLOBAL_ACCENT_COLOR_NAME = AccentColor;
				CODE_SIGN_ENTITLEMENTS = Micro/Micro.entitlements;
				CODE_SIGN_STYLE = Automatic;
				CURRENT_PROJECT_VERSION = 1;
				DEVELOPMENT_ASSET_PATHS = "\"Micro/Preview Content\"";
				DEVELOPMENT_TEAM = 557855FSBN;
				ENABLE_PREVIEWS = YES;
				GENERATE_INFOPLIST_FILE = YES;
				INFOPLIST_KEY_UIApplicationSceneManifest_Generation = YES;
				INFOPLIST_KEY_UIApplicationSupportsIndirectInputEvents = YES;
				INFOPLIST_KEY_UILaunchScreen_Generation = YES;
				INFOPLIST_KEY_UISupportedInterfaceOrientations_iPad = "UIInterfaceOrientationPortrait UIInterfaceOrientationPortraitUpsideDown UIInterfaceOrientationLandscapeLeft UIInterfaceOrientationLandscapeRight";
				INFOPLIST_KEY_UISupportedInterfaceOrientations_iPhone = "UIInterfaceOrientationPortrait UIInterfaceOrientationLandscapeLeft UIInterfaceOrientationLandscapeRight";
				LD_RUNPATH_SEARCH_PATHS = (
					"$(inherited)",
					"@executable_path/Frameworks",
				);
				MARKETING_VERSION = 1.0;
				PRODUCT_BUNDLE_IDENTIFIER = twq.Micro;
				PRODUCT_NAME = "$(TARGET_NAME)";
				SWIFT_EMIT_LOC_STRINGS = YES;
				SWIFT_VERSION = 5.0;
				TARGETED_DEVICE_FAMILY = "1,2";
			};
			name = Debug;
		};
		F3DAC4512BD143CD00E9EABF /* Release */ = {
			isa = XCBuildConfiguration;
			buildSettings = {
				ASSETCATALOG_COMPILER_APPICON_NAME = AppIcon;
				ASSETCATALOG_COMPILER_GLOBAL_ACCENT_COLOR_NAME = AccentColor;
				CODE_SIGN_ENTITLEMENTS = Micro/Micro.entitlements;
				CODE_SIGN_STYLE = Automatic;
				CURRENT_PROJECT_VERSION = 1;
				DEVELOPMENT_ASSET_PATHS = "\"Micro/Preview Content\"";
				DEVELOPMENT_TEAM = 557855FSBN;
				ENABLE_PREVIEWS = YES;
				GENERATE_INFOPLIST_FILE = YES;
				INFOPLIST_KEY_UIApplicationSceneManifest_Generation = YES;
				INFOPLIST_KEY_UIApplicationSupportsIndirectInputEvents = YES;
				INFOPLIST_KEY_UILaunchScreen_Generation = YES;
				INFOPLIST_KEY_UISupportedInterfaceOrientations_iPad = "UIInterfaceOrientationPortrait UIInterfaceOrientationPortraitUpsideDown UIInterfaceOrientationLandscapeLeft UIInterfaceOrientationLandscapeRight";
				INFOPLIST_KEY_UISupportedInterfaceOrientations_iPhone = "UIInterfaceOrientationPortrait UIInterfaceOrientationLandscapeLeft UIInterfaceOrientationLandscapeRight";
				LD_RUNPATH_SEARCH_PATHS = (
					"$(inherited)",
					"@executable_path/Frameworks",
				);
				MARKETING_VERSION = 1.0;
				PRODUCT_BUNDLE_IDENTIFIER = twq.Micro;
				PRODUCT_NAME = "$(TARGET_NAME)";
				SWIFT_EMIT_LOC_STRINGS = YES;
				SWIFT_VERSION = 5.0;
				TARGETED_DEVICE_FAMILY = "1,2";
			};
			name = Release;
		};
/* End XCBuildConfiguration section */

/* Begin XCConfigurationList section */
		F3DAC43C2BD143CB00E9EABF /* Build configuration list for PBXProject "Micro" */ = {
			isa = XCConfigurationList;
			buildConfigurations = (
				F3DAC44D2BD143CD00E9EABF /* Debug */,
				F3DAC44E2BD143CD00E9EABF /* Release */,
			);
			defaultConfigurationIsVisible = 0;
			defaultConfigurationName = Release;
		};
		F3DAC44F2BD143CD00E9EABF /* Build configuration list for PBXNativeTarget "Micro" */ = {
			isa = XCConfigurationList;
			buildConfigurations = (
				F3DAC4502BD143CD00E9EABF /* Debug */,
				F3DAC4512BD143CD00E9EABF /* Release */,
			);
			defaultConfigurationIsVisible = 0;
			defaultConfigurationName = Release;
		};
/* End XCConfigurationList section */

/* Begin XCRemoteSwiftPackageReference section */
		2906710E2BD935B3005AA839 /* XCRemoteSwiftPackageReference "firebase-ios-sdk" */ = {
			isa = XCRemoteSwiftPackageReference;
			repositoryURL = "https://github.com/firebase/firebase-ios-sdk.git";
			requirement = {
				kind = upToNextMajorVersion;
				minimumVersion = 10.24.0;
			};
		};
/* End XCRemoteSwiftPackageReference section */

/* Begin XCSwiftPackageProductDependency section */
		2906710F2BD935B3005AA839 /* FirebaseAnalytics */ = {
			isa = XCSwiftPackageProductDependency;
			package = 2906710E2BD935B3005AA839 /* XCRemoteSwiftPackageReference "firebase-ios-sdk" */;
			productName = FirebaseAnalytics;
		};
		290671112BD935B3005AA839 /* FirebaseAnalyticsOnDeviceConversion */ = {
			isa = XCSwiftPackageProductDependency;
			package = 2906710E2BD935B3005AA839 /* XCRemoteSwiftPackageReference "firebase-ios-sdk" */;
			productName = FirebaseAnalyticsOnDeviceConversion;
		};
		290671132BD935B3005AA839 /* FirebaseAnalyticsSwift */ = {
			isa = XCSwiftPackageProductDependency;
			package = 2906710E2BD935B3005AA839 /* XCRemoteSwiftPackageReference "firebase-ios-sdk" */;
			productName = FirebaseAnalyticsSwift;
		};
		290671152BD935B3005AA839 /* FirebaseAnalyticsWithoutAdIdSupport */ = {
			isa = XCSwiftPackageProductDependency;
			package = 2906710E2BD935B3005AA839 /* XCRemoteSwiftPackageReference "firebase-ios-sdk" */;
			productName = FirebaseAnalyticsWithoutAdIdSupport;
		};
		290671172BD935B3005AA839 /* FirebaseAppCheck */ = {
			isa = XCSwiftPackageProductDependency;
			package = 2906710E2BD935B3005AA839 /* XCRemoteSwiftPackageReference "firebase-ios-sdk" */;
			productName = FirebaseAppCheck;
		};
		2906711C2BD9398D005AA839 /* FirebaseAuth */ = {
			isa = XCSwiftPackageProductDependency;
			package = 2906710E2BD935B3005AA839 /* XCRemoteSwiftPackageReference "firebase-ios-sdk" */;
			productName = FirebaseAuth;
		};
		F38B8FE32BE90C4F0082A14C /* FirebaseFirestoreSwift */ = {
			isa = XCSwiftPackageProductDependency;
			package = 2906710E2BD935B3005AA839 /* XCRemoteSwiftPackageReference "firebase-ios-sdk" */;
			productName = FirebaseFirestoreSwift;
		};
		F38B8FE52BE90C540082A14C /* FirebaseFirestore */ = {
			isa = XCSwiftPackageProductDependency;
			package = 2906710E2BD935B3005AA839 /* XCRemoteSwiftPackageReference "firebase-ios-sdk" */;
			productName = FirebaseFirestore;
		};
		F38B8FF62BF0E4900082A14C /* FirebaseAnalytics */ = {
			isa = XCSwiftPackageProductDependency;
			package = 2906710E2BD935B3005AA839 /* XCRemoteSwiftPackageReference "firebase-ios-sdk" */;
			productName = FirebaseAnalytics;
		};
		F38B8FF82BF0E4900082A14C /* FirebaseAnalyticsOnDeviceConversion */ = {
			isa = XCSwiftPackageProductDependency;
			package = 2906710E2BD935B3005AA839 /* XCRemoteSwiftPackageReference "firebase-ios-sdk" */;
			productName = FirebaseAnalyticsOnDeviceConversion;
		};
		F38B8FFA2BF0E4900082A14C /* FirebaseAnalyticsSwift */ = {
			isa = XCSwiftPackageProductDependency;
			package = 2906710E2BD935B3005AA839 /* XCRemoteSwiftPackageReference "firebase-ios-sdk" */;
			productName = FirebaseAnalyticsSwift;
		};
		F38B8FFC2BF0E4900082A14C /* FirebaseAnalyticsWithoutAdIdSupport */ = {
			isa = XCSwiftPackageProductDependency;
			package = 2906710E2BD935B3005AA839 /* XCRemoteSwiftPackageReference "firebase-ios-sdk" */;
			productName = FirebaseAnalyticsWithoutAdIdSupport;
		};
		F38B8FFE2BF0E4900082A14C /* FirebaseAppCheck */ = {
			isa = XCSwiftPackageProductDependency;
			package = 2906710E2BD935B3005AA839 /* XCRemoteSwiftPackageReference "firebase-ios-sdk" */;
			productName = FirebaseAppCheck;
		};
/* End XCSwiftPackageProductDependency section */
	};
	rootObject = F3DAC4392BD143CB00E9EABF /* Project object */;
}
