// !$*UTF8*$!
{
	archiveVersion = 1;
	classes = {
	};
	objectVersion = 56;
	objects = {

/* Begin PBXBuildFile section */
		0B2A80192BE11DC1002C6F23 /* ViewModel.swift in Sources */ = {isa = PBXBuildFile; fileRef = 0B2A80182BE11DC1002C6F23 /* ViewModel.swift */; };
		0B2A801B2BE11DCC002C6F23 /* peopleInfo.swift in Sources */ = {isa = PBXBuildFile; fileRef = 0B2A801A2BE11DCC002C6F23 /* peopleInfo.swift */; };
		0B2A801D2BE11DD9002C6F23 /* Groups.swift in Sources */ = {isa = PBXBuildFile; fileRef = 0B2A801C2BE11DD9002C6F23 /* Groups.swift */; };
		0B2A801F2BE11DE2002C6F23 /* Item.swift in Sources */ = {isa = PBXBuildFile; fileRef = 0B2A801E2BE11DE2002C6F23 /* Item.swift */; };
		0B2A80212BE11E0D002C6F23 /* CalendarView.swift in Sources */ = {isa = PBXBuildFile; fileRef = 0B2A80202BE11E0D002C6F23 /* CalendarView.swift */; };
		0B2A80252BE11E1F002C6F23 /* GroupsView.swift in Sources */ = {isa = PBXBuildFile; fileRef = 0B2A80242BE11E1F002C6F23 /* GroupsView.swift */; };
		0B2A80272BE11E24002C6F23 /* peopleView.swift in Sources */ = {isa = PBXBuildFile; fileRef = 0B2A80262BE11E24002C6F23 /* peopleView.swift */; };
		0B2A80292BE11E2A002C6F23 /* CreateView.swift in Sources */ = {isa = PBXBuildFile; fileRef = 0B2A80282BE11E2A002C6F23 /* CreateView.swift */; };
		0B2A802B2BE11E30002C6F23 /* InfroHang.swift in Sources */ = {isa = PBXBuildFile; fileRef = 0B2A802A2BE11E30002C6F23 /* InfroHang.swift */; };
		0B2A802D2BE11EDA002C6F23 /* hangDetails.swift in Sources */ = {isa = PBXBuildFile; fileRef = 0B2A802C2BE11EDA002C6F23 /* hangDetails.swift */; };
		0B2A802F2BE12D52002C6F23 /* BusyMembers.swift in Sources */ = {isa = PBXBuildFile; fileRef = 0B2A802E2BE12D52002C6F23 /* BusyMembers.swift */; };
		0B2A80322BE2E185002C6F23 /* EventDetails.swift in Sources */ = {isa = PBXBuildFile; fileRef = 0B2A80312BE2E185002C6F23 /* EventDetails.swift */; };
		0B2A80342BE2E210002C6F23 /* PickGatheringDay.swift in Sources */ = {isa = PBXBuildFile; fileRef = 0B2A80332BE2E210002C6F23 /* PickGatheringDay.swift */; };
		0B2A80362BE2F2AE002C6F23 /* FirebaseFirestore in Frameworks */ = {isa = PBXBuildFile; productRef = 0B2A80352BE2F2AE002C6F23 /* FirebaseFirestore */; };
		0B2A80382BE2F2C6002C6F23 /* FirebaseFirestoreSwift in Frameworks */ = {isa = PBXBuildFile; productRef = 0B2A80372BE2F2C6002C6F23 /* FirebaseFirestoreSwift */; };
		290671072BD933CA005AA839 /* SignIn.swift in Sources */ = {isa = PBXBuildFile; fileRef = 290671062BD933CA005AA839 /* SignIn.swift */; };
		290671092BD9341A005AA839 /* CardsPage.swift in Sources */ = {isa = PBXBuildFile; fileRef = 290671082BD9341A005AA839 /* CardsPage.swift */; };
		2906710B2BD93448005AA839 /* Entertainment.swift in Sources */ = {isa = PBXBuildFile; fileRef = 2906710A2BD93448005AA839 /* Entertainment.swift */; };
		2906710D2BD9348E005AA839 /* SplashScreen.swift in Sources */ = {isa = PBXBuildFile; fileRef = 2906710C2BD9348E005AA839 /* SplashScreen.swift */; };
		290671102BD935B3005AA839 /* FirebaseAnalytics in Frameworks */ = {isa = PBXBuildFile; productRef = 2906710F2BD935B3005AA839 /* FirebaseAnalytics */; };
		290671122BD935B3005AA839 /* FirebaseAnalyticsOnDeviceConversion in Frameworks */ = {isa = PBXBuildFile; productRef = 290671112BD935B3005AA839 /* FirebaseAnalyticsOnDeviceConversion */; };
		290671142BD935B3005AA839 /* FirebaseAnalyticsSwift in Frameworks */ = {isa = PBXBuildFile; productRef = 290671132BD935B3005AA839 /* FirebaseAnalyticsSwift */; };
		290671162BD935B3005AA839 /* FirebaseAnalyticsWithoutAdIdSupport in Frameworks */ = {isa = PBXBuildFile; productRef = 290671152BD935B3005AA839 /* FirebaseAnalyticsWithoutAdIdSupport */; };
		290671182BD935B3005AA839 /* FirebaseAppCheck in Frameworks */ = {isa = PBXBuildFile; productRef = 290671172BD935B3005AA839 /* FirebaseAppCheck */; };
		2906711A2BD9375F005AA839 /* GoogleService-Info.plist in Resources */ = {isa = PBXBuildFile; fileRef = 290671192BD9375F005AA839 /* GoogleService-Info.plist */; };
		2906711D2BD9398D005AA839 /* FirebaseAuth in Frameworks */ = {isa = PBXBuildFile; productRef = 2906711C2BD9398D005AA839 /* FirebaseAuth */; };
		F3DAC4452BD143CB00E9EABF /* MicroApp.swift in Sources */ = {isa = PBXBuildFile; fileRef = F3DAC4442BD143CB00E9EABF /* MicroApp.swift */; };
		F3DAC4492BD143CD00E9EABF /* Assets.xcassets in Resources */ = {isa = PBXBuildFile; fileRef = F3DAC4482BD143CD00E9EABF /* Assets.xcassets */; };
		F3DAC44C2BD143CD00E9EABF /* Preview Assets.xcassets in Resources */ = {isa = PBXBuildFile; fileRef = F3DAC44B2BD143CD00E9EABF /* Preview Assets.xcassets */; };
/* End PBXBuildFile section */

/* Begin PBXFileReference section */
		0B2A80182BE11DC1002C6F23 /* ViewModel.swift */ = {isa = PBXFileReference; fileEncoding = 4; lastKnownFileType = sourcecode.swift; name = ViewModel.swift; path = ../../../Downloads/Micro/Micro/ViewModel/ViewModel.swift; sourceTree = "<group>"; };
		0B2A801A2BE11DCC002C6F23 /* peopleInfo.swift */ = {isa = PBXFileReference; fileEncoding = 4; lastKnownFileType = sourcecode.swift; name = peopleInfo.swift; path = ../../../Downloads/Micro/Micro/Models/peopleInfo.swift; sourceTree = "<group>"; };
		0B2A801C2BE11DD9002C6F23 /* Groups.swift */ = {isa = PBXFileReference; fileEncoding = 4; lastKnownFileType = sourcecode.swift; name = Groups.swift; path = ../../../Downloads/Micro/Micro/Models/Groups.swift; sourceTree = "<group>"; };
		0B2A801E2BE11DE2002C6F23 /* Item.swift */ = {isa = PBXFileReference; fileEncoding = 4; lastKnownFileType = sourcecode.swift; name = Item.swift; path = ../../../Downloads/Micro/Micro/Models/Item.swift; sourceTree = "<group>"; };
		0B2A80202BE11E0D002C6F23 /* CalendarView.swift */ = {isa = PBXFileReference; fileEncoding = 4; lastKnownFileType = sourcecode.swift; name = CalendarView.swift; path = ../../../Downloads/Micro/Micro/Views/CalendarView.swift; sourceTree = "<group>"; };
		0B2A80242BE11E1F002C6F23 /* GroupsView.swift */ = {isa = PBXFileReference; fileEncoding = 4; lastKnownFileType = sourcecode.swift; name = GroupsView.swift; path = ../../../Downloads/Micro/Micro/Views/GroupsView.swift; sourceTree = "<group>"; };
		0B2A80262BE11E24002C6F23 /* peopleView.swift */ = {isa = PBXFileReference; fileEncoding = 4; lastKnownFileType = sourcecode.swift; name = peopleView.swift; path = ../../../Downloads/Micro/Micro/Views/peopleView.swift; sourceTree = "<group>"; };
		0B2A80282BE11E2A002C6F23 /* CreateView.swift */ = {isa = PBXFileReference; fileEncoding = 4; lastKnownFileType = sourcecode.swift; name = CreateView.swift; path = ../../../Downloads/Micro/Micro/Views/CreateView.swift; sourceTree = "<group>"; };
		0B2A802A2BE11E30002C6F23 /* InfroHang.swift */ = {isa = PBXFileReference; fileEncoding = 4; lastKnownFileType = sourcecode.swift; name = InfroHang.swift; path = ../../../Downloads/Micro/Micro/Views/InfroHang.swift; sourceTree = "<group>"; };
		0B2A802C2BE11EDA002C6F23 /* hangDetails.swift */ = {isa = PBXFileReference; fileEncoding = 4; lastKnownFileType = sourcecode.swift; name = hangDetails.swift; path = ../../../Downloads/Micro/Micro/Models/hangDetails.swift; sourceTree = "<group>"; };
		0B2A802E2BE12D52002C6F23 /* BusyMembers.swift */ = {isa = PBXFileReference; lastKnownFileType = sourcecode.swift; path = BusyMembers.swift; sourceTree = "<group>"; };
		0B2A80302BE2CDAB002C6F23 /* Micro.entitlements */ = {isa = PBXFileReference; lastKnownFileType = text.plist.entitlements; path = Micro.entitlements; sourceTree = "<group>"; };
		0B2A80312BE2E185002C6F23 /* EventDetails.swift */ = {isa = PBXFileReference; lastKnownFileType = sourcecode.swift; path = EventDetails.swift; sourceTree = "<group>"; };
		0B2A80332BE2E210002C6F23 /* PickGatheringDay.swift */ = {isa = PBXFileReference; lastKnownFileType = sourcecode.swift; path = PickGatheringDay.swift; sourceTree = "<group>"; };
		0B2A80392BE7B1DB002C6F23 /* Micro.app */ = {isa = PBXFileReference; explicitFileType = wrapper.application; includeInIndex = 0; name = Micro.app; path = "/Users/mayasemmuner/Documents/Micro/build/Debug-iphoneos/Micro.app"; sourceTree = "<absolute>"; };
		290671062BD933CA005AA839 /* SignIn.swift */ = {isa = PBXFileReference; lastKnownFileType = sourcecode.swift; name = SignIn.swift; path = ../SignIn.swift; sourceTree = "<group>"; };
		290671082BD9341A005AA839 /* CardsPage.swift */ = {isa = PBXFileReference; lastKnownFileType = sourcecode.swift; path = CardsPage.swift; sourceTree = "<group>"; };
		2906710A2BD93448005AA839 /* Entertainment.swift */ = {isa = PBXFileReference; lastKnownFileType = sourcecode.swift; path = Entertainment.swift; sourceTree = "<group>"; };
		2906710C2BD9348E005AA839 /* SplashScreen.swift */ = {isa = PBXFileReference; lastKnownFileType = sourcecode.swift; path = SplashScreen.swift; sourceTree = "<group>"; };
		290671192BD9375F005AA839 /* GoogleService-Info.plist */ = {isa = PBXFileReference; fileEncoding = 4; lastKnownFileType = text.plist.xml; name = "GoogleService-Info.plist"; path = "../../../Downloads/GoogleService-Info.plist"; sourceTree = "<group>"; };
		F3DAC4442BD143CB00E9EABF /* MicroApp.swift */ = {isa = PBXFileReference; lastKnownFileType = sourcecode.swift; path = MicroApp.swift; sourceTree = "<group>"; };
		F3DAC4482BD143CD00E9EABF /* Assets.xcassets */ = {isa = PBXFileReference; lastKnownFileType = folder.assetcatalog; path = Assets.xcassets; sourceTree = "<group>"; };
		F3DAC44B2BD143CD00E9EABF /* Preview Assets.xcassets */ = {isa = PBXFileReference; lastKnownFileType = folder.assetcatalog; path = "Preview Assets.xcassets"; sourceTree = "<group>"; };
/* End PBXFileReference section */

/* Begin PBXFrameworksBuildPhase section */
		F3DAC43E2BD143CB00E9EABF /* Frameworks */ = {
			isa = PBXFrameworksBuildPhase;
			buildActionMask = 2147483647;
			files = (
				290671142BD935B3005AA839 /* FirebaseAnalyticsSwift in Frameworks */,
				2906711D2BD9398D005AA839 /* FirebaseAuth in Frameworks */,
				290671102BD935B3005AA839 /* FirebaseAnalytics in Frameworks */,
				290671122BD935B3005AA839 /* FirebaseAnalyticsOnDeviceConversion in Frameworks */,
				290671182BD935B3005AA839 /* FirebaseAppCheck in Frameworks */,
				290671162BD935B3005AA839 /* FirebaseAnalyticsWithoutAdIdSupport in Frameworks */,
				0B2A80362BE2F2AE002C6F23 /* FirebaseFirestore in Frameworks */,
				0B2A80382BE2F2C6002C6F23 /* FirebaseFirestoreSwift in Frameworks */,
			);
			runOnlyForDeploymentPostprocessing = 0;
		};
/* End PBXFrameworksBuildPhase section */

/* Begin PBXGroup section */
		F3DAC4382BD143CB00E9EABF = {
			isa = PBXGroup;
			children = (
				F3DAC4432BD143CB00E9EABF /* Micro */,
			);
			sourceTree = "<group>";
		};
		F3DAC4432BD143CB00E9EABF /* Micro */ = {
			isa = PBXGroup;
			children = (
				0B2A80302BE2CDAB002C6F23 /* Micro.entitlements */,
				F3DAC4442BD143CB00E9EABF /* MicroApp.swift */,
				2906710C2BD9348E005AA839 /* SplashScreen.swift */,
				2906710A2BD93448005AA839 /* Entertainment.swift */,
				290671082BD9341A005AA839 /* CardsPage.swift */,
				290671062BD933CA005AA839 /* SignIn.swift */,
				0B2A80182BE11DC1002C6F23 /* ViewModel.swift */,
				0B2A801A2BE11DCC002C6F23 /* peopleInfo.swift */,
				0B2A801C2BE11DD9002C6F23 /* Groups.swift */,
				0B2A801E2BE11DE2002C6F23 /* Item.swift */,
				0B2A80202BE11E0D002C6F23 /* CalendarView.swift */,
				0B2A80242BE11E1F002C6F23 /* GroupsView.swift */,
				0B2A80262BE11E24002C6F23 /* peopleView.swift */,
				0B2A80282BE11E2A002C6F23 /* CreateView.swift */,
				0B2A802C2BE11EDA002C6F23 /* hangDetails.swift */,
				0B2A802E2BE12D52002C6F23 /* BusyMembers.swift */,
				0B2A802A2BE11E30002C6F23 /* InfroHang.swift */,
				0B2A80312BE2E185002C6F23 /* EventDetails.swift */,
				0B2A80332BE2E210002C6F23 /* PickGatheringDay.swift */,
				F3DAC4482BD143CD00E9EABF /* Assets.xcassets */,
				290671192BD9375F005AA839 /* GoogleService-Info.plist */,
				F3DAC44A2BD143CD00E9EABF /* Preview Content */,
			);
			path = Micro;
			sourceTree = "<group>";
		};
		F3DAC44A2BD143CD00E9EABF /* Preview Content */ = {
			isa = PBXGroup;
			children = (
				F3DAC44B2BD143CD00E9EABF /* Preview Assets.xcassets */,
			);
			path = "Preview Content";
			sourceTree = "<group>";
		};
/* End PBXGroup section */

/* Begin PBXNativeTarget section */
		F3DAC4402BD143CB00E9EABF /* Micro */ = {
			isa = PBXNativeTarget;
			buildConfigurationList = F3DAC44F2BD143CD00E9EABF /* Build configuration list for PBXNativeTarget "Micro" */;
			buildPhases = (
				F3DAC43D2BD143CB00E9EABF /* Sources */,
				F3DAC43E2BD143CB00E9EABF /* Frameworks */,
				F3DAC43F2BD143CB00E9EABF /* Resources */,
			);
			buildRules = (
			);
			dependencies = (
			);
			name = Micro;
			packageProductDependencies = (
				2906710F2BD935B3005AA839 /* FirebaseAnalytics */,
				290671112BD935B3005AA839 /* FirebaseAnalyticsOnDeviceConversion */,
				290671132BD935B3005AA839 /* FirebaseAnalyticsSwift */,
				290671152BD935B3005AA839 /* FirebaseAnalyticsWithoutAdIdSupport */,
				290671172BD935B3005AA839 /* FirebaseAppCheck */,
				2906711C2BD9398D005AA839 /* FirebaseAuth */,
				0B2A80352BE2F2AE002C6F23 /* FirebaseFirestore */,
				0B2A80372BE2F2C6002C6F23 /* FirebaseFirestoreSwift */,
			);
			productName = Micro;
			productReference = 0B2A80392BE7B1DB002C6F23 /* Micro.app */;
			productType = "com.apple.product-type.application";
		};
/* End PBXNativeTarget section */

/* Begin PBXProject section */
		F3DAC4392BD143CB00E9EABF /* Project object */ = {
			isa = PBXProject;
			attributes = {
				BuildIndependentTargetsInParallel = 1;
				LastSwiftUpdateCheck = 1520;
				LastUpgradeCheck = 1520;
				TargetAttributes = {
					F3DAC4402BD143CB00E9EABF = {
						CreatedOnToolsVersion = 15.2;
					};
				};
			};
			buildConfigurationList = F3DAC43C2BD143CB00E9EABF /* Build configuration list for PBXProject "Micro" */;
			compatibilityVersion = "Xcode 14.0";
			developmentRegion = en;
			hasScannedForEncodings = 0;
			knownRegions = (
				en,
				Base,
			);
			mainGroup = F3DAC4382BD143CB00E9EABF;
			packageReferences = (
				2906710E2BD935B3005AA839 /* XCRemoteSwiftPackageReference "firebase-ios-sdk" */,
			);
			productRefGroup = F3DAC4382BD143CB00E9EABF;
			projectDirPath = "";
			projectRoot = "";
			targets = (
				F3DAC4402BD143CB00E9EABF /* Micro */,
			);
		};
/* End PBXProject section */

/* Begin PBXResourcesBuildPhase section */
		F3DAC43F2BD143CB00E9EABF /* Resources */ = {
			isa = PBXResourcesBuildPhase;
			buildActionMask = 2147483647;
			files = (
				F3DAC44C2BD143CD00E9EABF /* Preview Assets.xcassets in Resources */,
				F3DAC4492BD143CD00E9EABF /* Assets.xcassets in Resources */,
				2906711A2BD9375F005AA839 /* GoogleService-Info.plist in Resources */,
			);
			runOnlyForDeploymentPostprocessing = 0;
		};
/* End PBXResourcesBuildPhase section */

/* Begin PBXSourcesBuildPhase section */
		F3DAC43D2BD143CB00E9EABF /* Sources */ = {
			isa = PBXSourcesBuildPhase;
			buildActionMask = 2147483647;
			files = (
				0B2A80212BE11E0D002C6F23 /* CalendarView.swift in Sources */,
				0B2A80322BE2E185002C6F23 /* EventDetails.swift in Sources */,
				2906710D2BD9348E005AA839 /* SplashScreen.swift in Sources */,
				0B2A802D2BE11EDA002C6F23 /* hangDetails.swift in Sources */,
				0B2A801F2BE11DE2002C6F23 /* Item.swift in Sources */,
				2906710B2BD93448005AA839 /* Entertainment.swift in Sources */,
				0B2A80292BE11E2A002C6F23 /* CreateView.swift in Sources */,
				0B2A802F2BE12D52002C6F23 /* BusyMembers.swift in Sources */,
				F3DAC4452BD143CB00E9EABF /* MicroApp.swift in Sources */,
				0B2A801B2BE11DCC002C6F23 /* peopleInfo.swift in Sources */,
				0B2A80272BE11E24002C6F23 /* peopleView.swift in Sources */,
				0B2A802B2BE11E30002C6F23 /* InfroHang.swift in Sources */,
				0B2A80342BE2E210002C6F23 /* PickGatheringDay.swift in Sources */,
				0B2A80252BE11E1F002C6F23 /* GroupsView.swift in Sources */,
				290671092BD9341A005AA839 /* CardsPage.swift in Sources */,
				0B2A80192BE11DC1002C6F23 /* ViewModel.swift in Sources */,
				290671072BD933CA005AA839 /* SignIn.swift in Sources */,
				0B2A801D2BE11DD9002C6F23 /* Groups.swift in Sources */,
			);
			runOnlyForDeploymentPostprocessing = 0;
		};
/* End PBXSourcesBuildPhase section */

/* Begin XCBuildConfiguration section */
		F3DAC44D2BD143CD00E9EABF /* Debug */ = {
			isa = XCBuildConfiguration;
			buildSettings = {
				ALWAYS_SEARCH_USER_PATHS = NO;
				ASSETCATALOG_COMPILER_GENERATE_SWIFT_ASSET_SYMBOL_EXTENSIONS = YES;
				CLANG_ANALYZER_NONNULL = YES;
				CLANG_ANALYZER_NUMBER_OBJECT_CONVERSION = YES_AGGRESSIVE;
				CLANG_CXX_LANGUAGE_STANDARD = "gnu++20";
				CLANG_ENABLE_MODULES = YES;
				CLANG_ENABLE_OBJC_ARC = YES;
				CLANG_ENABLE_OBJC_WEAK = YES;
				CLANG_WARN_BLOCK_CAPTURE_AUTORELEASING = YES;
				CLANG_WARN_BOOL_CONVERSION = YES;
				CLANG_WARN_COMMA = YES;
				CLANG_WARN_CONSTANT_CONVERSION = YES;
				CLANG_WARN_DEPRECATED_OBJC_IMPLEMENTATIONS = YES;
				CLANG_WARN_DIRECT_OBJC_ISA_USAGE = YES_ERROR;
				CLANG_WARN_DOCUMENTATION_COMMENTS = YES;
				CLANG_WARN_EMPTY_BODY = YES;
				CLANG_WARN_ENUM_CONVERSION = YES;
				CLANG_WARN_INFINITE_RECURSION = YES;
				CLANG_WARN_INT_CONVERSION = YES;
				CLANG_WARN_NON_LITERAL_NULL_CONVERSION = YES;
				CLANG_WARN_OBJC_IMPLICIT_RETAIN_SELF = YES;
				CLANG_WARN_OBJC_LITERAL_CONVERSION = YES;
				CLANG_WARN_OBJC_ROOT_CLASS = YES_ERROR;
				CLANG_WARN_QUOTED_INCLUDE_IN_FRAMEWORK_HEADER = YES;
				CLANG_WARN_RANGE_LOOP_ANALYSIS = YES;
				CLANG_WARN_STRICT_PROTOTYPES = YES;
				CLANG_WARN_SUSPICIOUS_MOVE = YES;
				CLANG_WARN_UNGUARDED_AVAILABILITY = YES_AGGRESSIVE;
				CLANG_WARN_UNREACHABLE_CODE = YES;
				CLANG_WARN__DUPLICATE_METHOD_MATCH = YES;
				COPY_PHASE_STRIP = NO;
				DEBUG_INFORMATION_FORMAT = dwarf;
				ENABLE_STRICT_OBJC_MSGSEND = YES;
				ENABLE_TESTABILITY = YES;
				ENABLE_USER_SCRIPT_SANDBOXING = YES;
				GCC_C_LANGUAGE_STANDARD = gnu17;
				GCC_DYNAMIC_NO_PIC = NO;
				GCC_NO_COMMON_BLOCKS = YES;
				GCC_OPTIMIZATION_LEVEL = 0;
				GCC_PREPROCESSOR_DEFINITIONS = (
					"DEBUG=1",
					"$(inherited)",
				);
				GCC_WARN_64_TO_32_BIT_CONVERSION = YES;
				GCC_WARN_ABOUT_RETURN_TYPE = YES_ERROR;
				GCC_WARN_UNDECLARED_SELECTOR = YES;
				GCC_WARN_UNINITIALIZED_AUTOS = YES_AGGRESSIVE;
				GCC_WARN_UNUSED_FUNCTION = YES;
				GCC_WARN_UNUSED_VARIABLE = YES;
				IPHONEOS_DEPLOYMENT_TARGET = 17.2;
				LOCALIZATION_PREFERS_STRING_CATALOGS = YES;
				MTL_ENABLE_DEBUG_INFO = INCLUDE_SOURCE;
				MTL_FAST_MATH = YES;
				ONLY_ACTIVE_ARCH = YES;
				SDKROOT = iphoneos;
				SWIFT_ACTIVE_COMPILATION_CONDITIONS = "DEBUG $(inherited)";
				SWIFT_OPTIMIZATION_LEVEL = "-Onone";
			};
			name = Debug;
		};
		F3DAC44E2BD143CD00E9EABF /* Release */ = {
			isa = XCBuildConfiguration;
			buildSettings = {
				ALWAYS_SEARCH_USER_PATHS = NO;
				ASSETCATALOG_COMPILER_GENERATE_SWIFT_ASSET_SYMBOL_EXTENSIONS = YES;
				CLANG_ANALYZER_NONNULL = YES;
				CLANG_ANALYZER_NUMBER_OBJECT_CONVERSION = YES_AGGRESSIVE;
				CLANG_CXX_LANGUAGE_STANDARD = "gnu++20";
				CLANG_ENABLE_MODULES = YES;
				CLANG_ENABLE_OBJC_ARC = YES;
				CLANG_ENABLE_OBJC_WEAK = YES;
				CLANG_WARN_BLOCK_CAPTURE_AUTORELEASING = YES;
				CLANG_WARN_BOOL_CONVERSION = YES;
				CLANG_WARN_COMMA = YES;
				CLANG_WARN_CONSTANT_CONVERSION = YES;
				CLANG_WARN_DEPRECATED_OBJC_IMPLEMENTATIONS = YES;
				CLANG_WARN_DIRECT_OBJC_ISA_USAGE = YES_ERROR;
				CLANG_WARN_DOCUMENTATION_COMMENTS = YES;
				CLANG_WARN_EMPTY_BODY = YES;
				CLANG_WARN_ENUM_CONVERSION = YES;
				CLANG_WARN_INFINITE_RECURSION = YES;
				CLANG_WARN_INT_CONVERSION = YES;
				CLANG_WARN_NON_LITERAL_NULL_CONVERSION = YES;
				CLANG_WARN_OBJC_IMPLICIT_RETAIN_SELF = YES;
				CLANG_WARN_OBJC_LITERAL_CONVERSION = YES;
				CLANG_WARN_OBJC_ROOT_CLASS = YES_ERROR;
				CLANG_WARN_QUOTED_INCLUDE_IN_FRAMEWORK_HEADER = YES;
				CLANG_WARN_RANGE_LOOP_ANALYSIS = YES;
				CLANG_WARN_STRICT_PROTOTYPES = YES;
				CLANG_WARN_SUSPICIOUS_MOVE = YES;
				CLANG_WARN_UNGUARDED_AVAILABILITY = YES_AGGRESSIVE;
				CLANG_WARN_UNREACHABLE_CODE = YES;
				CLANG_WARN__DUPLICATE_METHOD_MATCH = YES;
				COPY_PHASE_STRIP = NO;
				DEBUG_INFORMATION_FORMAT = "dwarf-with-dsym";
				ENABLE_NS_ASSERTIONS = NO;
				ENABLE_STRICT_OBJC_MSGSEND = YES;
				ENABLE_USER_SCRIPT_SANDBOXING = YES;
				GCC_C_LANGUAGE_STANDARD = gnu17;
				GCC_NO_COMMON_BLOCKS = YES;
				GCC_WARN_64_TO_32_BIT_CONVERSION = YES;
				GCC_WARN_ABOUT_RETURN_TYPE = YES_ERROR;
				GCC_WARN_UNDECLARED_SELECTOR = YES;
				GCC_WARN_UNINITIALIZED_AUTOS = YES_AGGRESSIVE;
				GCC_WARN_UNUSED_FUNCTION = YES;
				GCC_WARN_UNUSED_VARIABLE = YES;
				IPHONEOS_DEPLOYMENT_TARGET = 17.2;
				LOCALIZATION_PREFERS_STRING_CATALOGS = YES;
				MTL_ENABLE_DEBUG_INFO = NO;
				MTL_FAST_MATH = YES;
				SDKROOT = iphoneos;
				SWIFT_COMPILATION_MODE = wholemodule;
				VALIDATE_PRODUCT = YES;
			};
			name = Release;
		};
		F3DAC4502BD143CD00E9EABF /* Debug */ = {
			isa = XCBuildConfiguration;
			buildSettings = {
				ASSETCATALOG_COMPILER_APPICON_NAME = AppIcon;
				ASSETCATALOG_COMPILER_GLOBAL_ACCENT_COLOR_NAME = AccentColor;
				CODE_SIGN_ENTITLEMENTS = Micro/Micro.entitlements;
				CODE_SIGN_STYLE = Automatic;
				CURRENT_PROJECT_VERSION = 1;
				DEVELOPMENT_ASSET_PATHS = "\"Micro/Preview Content\"";
				DEVELOPMENT_TEAM = SQ6F9W6U42;
				ENABLE_PREVIEWS = YES;
				GENERATE_INFOPLIST_FILE = YES;
				INFOPLIST_KEY_UIApplicationSceneManifest_Generation = YES;
				INFOPLIST_KEY_UIApplicationSupportsIndirectInputEvents = YES;
				INFOPLIST_KEY_UILaunchScreen_Generation = YES;
				INFOPLIST_KEY_UISupportedInterfaceOrientations_iPad = "UIInterfaceOrientationPortrait UIInterfaceOrientationPortraitUpsideDown UIInterfaceOrientationLandscapeLeft UIInterfaceOrientationLandscapeRight";
				INFOPLIST_KEY_UISupportedInterfaceOrientations_iPhone = "UIInterfaceOrientationPortrait UIInterfaceOrientationLandscapeLeft UIInterfaceOrientationLandscapeRight";
				LD_RUNPATH_SEARCH_PATHS = (
					"$(inherited)",
					"@executable_path/Frameworks",
				);
				MARKETING_VERSION = 1.0;
				PRODUCT_BUNDLE_IDENTIFIER = twq.Micro;
				PRODUCT_NAME = "$(TARGET_NAME)";
				SWIFT_EMIT_LOC_STRINGS = YES;
				SWIFT_VERSION = 5.0;
				TARGETED_DEVICE_FAMILY = "1,2";
			};
			name = Debug;
		};
		F3DAC4512BD143CD00E9EABF /* Release */ = {
			isa = XCBuildConfiguration;
			buildSettings = {
				ASSETCATALOG_COMPILER_APPICON_NAME = AppIcon;
				ASSETCATALOG_COMPILER_GLOBAL_ACCENT_COLOR_NAME = AccentColor;
				CODE_SIGN_ENTITLEMENTS = Micro/Micro.entitlements;
				CODE_SIGN_STYLE = Automatic;
				CURRENT_PROJECT_VERSION = 1;
				DEVELOPMENT_ASSET_PATHS = "\"Micro/Preview Content\"";
				DEVELOPMENT_TEAM = SQ6F9W6U42;
				ENABLE_PREVIEWS = YES;
				GENERATE_INFOPLIST_FILE = YES;
				INFOPLIST_KEY_UIApplicationSceneManifest_Generation = YES;
				INFOPLIST_KEY_UIApplicationSupportsIndirectInputEvents = YES;
				INFOPLIST_KEY_UILaunchScreen_Generation = YES;
				INFOPLIST_KEY_UISupportedInterfaceOrientations_iPad = "UIInterfaceOrientationPortrait UIInterfaceOrientationPortraitUpsideDown UIInterfaceOrientationLandscapeLeft UIInterfaceOrientationLandscapeRight";
				INFOPLIST_KEY_UISupportedInterfaceOrientations_iPhone = "UIInterfaceOrientationPortrait UIInterfaceOrientationLandscapeLeft UIInterfaceOrientationLandscapeRight";
				LD_RUNPATH_SEARCH_PATHS = (
					"$(inherited)",
					"@executable_path/Frameworks",
				);
				MARKETING_VERSION = 1.0;
				PRODUCT_BUNDLE_IDENTIFIER = twq.Micro;
				PRODUCT_NAME = "$(TARGET_NAME)";
				SWIFT_EMIT_LOC_STRINGS = YES;
				SWIFT_VERSION = 5.0;
				TARGETED_DEVICE_FAMILY = "1,2";
			};
			name = Release;
		};
/* End XCBuildConfiguration section */

/* Begin XCConfigurationList section */
		F3DAC43C2BD143CB00E9EABF /* Build configuration list for PBXProject "Micro" */ = {
			isa = XCConfigurationList;
			buildConfigurations = (
				F3DAC44D2BD143CD00E9EABF /* Debug */,
				F3DAC44E2BD143CD00E9EABF /* Release */,
			);
			defaultConfigurationIsVisible = 0;
			defaultConfigurationName = Release;
		};
		F3DAC44F2BD143CD00E9EABF /* Build configuration list for PBXNativeTarget "Micro" */ = {
			isa = XCConfigurationList;
			buildConfigurations = (
				F3DAC4502BD143CD00E9EABF /* Debug */,
				F3DAC4512BD143CD00E9EABF /* Release */,
			);
			defaultConfigurationIsVisible = 0;
			defaultConfigurationName = Release;
		};
/* End XCConfigurationList section */

/* Begin XCRemoteSwiftPackageReference section */
		2906710E2BD935B3005AA839 /* XCRemoteSwiftPackageReference "firebase-ios-sdk" */ = {
			isa = XCRemoteSwiftPackageReference;
			repositoryURL = "https://github.com/firebase/firebase-ios-sdk.git";
			requirement = {
				kind = upToNextMajorVersion;
				minimumVersion = 10.24.0;
			};
		};
/* End XCRemoteSwiftPackageReference section */

/* Begin XCSwiftPackageProductDependency section */
		0B2A80352BE2F2AE002C6F23 /* FirebaseFirestore */ = {
			isa = XCSwiftPackageProductDependency;
			package = 2906710E2BD935B3005AA839 /* XCRemoteSwiftPackageReference "firebase-ios-sdk" */;
			productName = FirebaseFirestore;
		};
		0B2A80372BE2F2C6002C6F23 /* FirebaseFirestoreSwift */ = {
			isa = XCSwiftPackageProductDependency;
			package = 2906710E2BD935B3005AA839 /* XCRemoteSwiftPackageReference "firebase-ios-sdk" */;
			productName = FirebaseFirestoreSwift;
		};
		2906710F2BD935B3005AA839 /* FirebaseAnalytics */ = {
			isa = XCSwiftPackageProductDependency;
			package = 2906710E2BD935B3005AA839 /* XCRemoteSwiftPackageReference "firebase-ios-sdk" */;
			productName = FirebaseAnalytics;
		};
		290671112BD935B3005AA839 /* FirebaseAnalyticsOnDeviceConversion */ = {
			isa = XCSwiftPackageProductDependency;
			package = 2906710E2BD935B3005AA839 /* XCRemoteSwiftPackageReference "firebase-ios-sdk" */;
			productName = FirebaseAnalyticsOnDeviceConversion;
		};
		290671132BD935B3005AA839 /* FirebaseAnalyticsSwift */ = {
			isa = XCSwiftPackageProductDependency;
			package = 2906710E2BD935B3005AA839 /* XCRemoteSwiftPackageReference "firebase-ios-sdk" */;
			productName = FirebaseAnalyticsSwift;
		};
		290671152BD935B3005AA839 /* FirebaseAnalyticsWithoutAdIdSupport */ = {
			isa = XCSwiftPackageProductDependency;
			package = 2906710E2BD935B3005AA839 /* XCRemoteSwiftPackageReference "firebase-ios-sdk" */;
			productName = FirebaseAnalyticsWithoutAdIdSupport;
		};
		290671172BD935B3005AA839 /* FirebaseAppCheck */ = {
			isa = XCSwiftPackageProductDependency;
			package = 2906710E2BD935B3005AA839 /* XCRemoteSwiftPackageReference "firebase-ios-sdk" */;
			productName = FirebaseAppCheck;
		};
		2906711C2BD9398D005AA839 /* FirebaseAuth */ = {
			isa = XCSwiftPackageProductDependency;
			package = 2906710E2BD935B3005AA839 /* XCRemoteSwiftPackageReference "firebase-ios-sdk" */;
			productName = FirebaseAuth;
		};
/* End XCSwiftPackageProductDependency section */
	};
	rootObject = F3DAC4392BD143CB00E9EABF /* Project object */;
}
